
Microsoft Visual Studio Solution File, Format Version 12.00
# Visual Studio Version 16
VisualStudioVersion = 16.0.31424.327
MinimumVisualStudioVersion = 10.0.40219.1
Project("{2150E333-8FDC-42A3-9474-1A3956D46DE8}") = "Domain", "Domain", "{B8A28D80-DAAA-4AA0-B3D5-DC61FAF506A1}"
EndProject
Project("{2150E333-8FDC-42A3-9474-1A3956D46DE8}") = "Infra.bus", "Infra.bus", "{08EC771D-182D-499A-B463-84FF98C1878D}"
EndProject
Project("{2150E333-8FDC-42A3-9474-1A3956D46DE8}") = "Infra.IoC", "Infra.IoC", "{04D0EE30-D70E-4C77-B59D-A591FAAEA8DC}"
EndProject
Project("{2150E333-8FDC-42A3-9474-1A3956D46DE8}") = "Microservices", "Microservices", "{D2ACBCCC-42B8-438D-9D23-1CA8EE978816}"
EndProject
Project("{2150E333-8FDC-42A3-9474-1A3956D46DE8}") = "Presentation", "Presentation", "{4B793874-3197-4F93-B266-8D5197BDD355}"
EndProject
Project("{9A19103F-16F7-4668-BE54-9A1E7A4F7556}") = "MicroRabbit.Domain.Core", "MicroRabbit.Domain.Core\MicroRabbit.Domain.Core.csproj", "{6D001C95-0E73-4E9B-B752-0ABA97F8B16D}"
EndProject
Project("{9A19103F-16F7-4668-BE54-9A1E7A4F7556}") = "MicroRabbit.Infra.Bus", "MicroRabbit.Infra.Bus\MicroRabbit.Infra.Bus.csproj", "{5AE663EC-8BFD-47C2-95FF-6A717EAB7776}"
EndProject
Project("{9A19103F-16F7-4668-BE54-9A1E7A4F7556}") = "MicroRabbit.Infra.IoC", "MicroRabbit.Infra.IoC\MicroRabbit.Infra.IoC.csproj", "{BA4020C2-721A-4AD5-A32D-6CE5371F24BA}"
EndProject
Project("{2150E333-8FDC-42A3-9474-1A3956D46DE8}") = "Baking", "Baking", "{DA25A3DF-66FC-4027-9CAF-85E3BD7E293A}"
EndProject
Project("{2150E333-8FDC-42A3-9474-1A3956D46DE8}") = "API", "API", "{E5DD5A76-3ECA-4772-97E8-24BD8F7B1D8B}"
EndProject
Project("{2150E333-8FDC-42A3-9474-1A3956D46DE8}") = "Domain", "Domain", "{31A9ED53-D503-4E31-B3A4-CC10B52B527D}"
EndProject
Project("{2150E333-8FDC-42A3-9474-1A3956D46DE8}") = "Application", "Application", "{BCF7E555-FDC3-4AB6-A366-429BEEA90796}"
EndProject
Project("{2150E333-8FDC-42A3-9474-1A3956D46DE8}") = "Data", "Data", "{2373AD40-504F-4FFE-9B97-59B2D390A285}"
EndProject
Project("{9A19103F-16F7-4668-BE54-9A1E7A4F7556}") = "MicroRabbit.Baking.Application", "MicroRabbit.Baking.Application\MicroRabbit.Baking.Application.csproj", "{843DF20C-20A3-4871-855F-031FCB6A32BA}"
EndProject
Project("{9A19103F-16F7-4668-BE54-9A1E7A4F7556}") = "MicroRabbit.Baking.Data", "MicroRabbit.Baking.Data\MicroRabbit.Baking.Data.csproj", "{9C2575F7-886E-417A-969E-3B894C2607C9}"
EndProject
Project("{9A19103F-16F7-4668-BE54-9A1E7A4F7556}") = "MicroRabbit.Baking.Domain", "MicroRabbit.Baking.Domain\MicroRabbit.Baking.Domain.csproj", "{D2BB8787-DF99-42D4-894F-B0E8C3DD1BE0}"
EndProject
Project("{9A19103F-16F7-4668-BE54-9A1E7A4F7556}") = "MicroRabbit.Banking.API", "MicroRabbit.Banking.API\MicroRabbit.Banking.API.csproj", "{3B48FEE9-D99F-4FB4-A353-10DBCF987F1E}"
EndProject
Project("{2150E333-8FDC-42A3-9474-1A3956D46DE8}") = "Transfer", "Transfer", "{F10F6BC1-0F1E-4DDB-A35B-905A28EBA315}"
EndProject
Project("{FAE04EC0-301F-11D3-BF4B-00C04F79EFBC}") = "MicroRabbit.Transfer.Api", "MicroRabbit.Transfer.Api\MicroRabbit.Transfer.Api.csproj", "{87DAD620-E5DF-471F-B5BB-A2A149699F70}"
EndProject
Project("{FAE04EC0-301F-11D3-BF4B-00C04F79EFBC}") = "MicroRabbit.Transfer.Application", "MicroRabbit.Transfer.Application\MicroRabbit.Transfer.Application.csproj", "{BF32AF53-027C-4B23-950D-C42A6920C67F}"
EndProject
Project("{FAE04EC0-301F-11D3-BF4B-00C04F79EFBC}") = "MicroRabbit.Transfer.Domain", "MicroRabbit.Transfer.Domain\MicroRabbit.Transfer.Domain.csproj", "{512B4178-B685-41D7-BB21-6CD08B69F36D}"
EndProject
Project("{FAE04EC0-301F-11D3-BF4B-00C04F79EFBC}") = "MicroRabbit.Transfer.Data", "MicroRabbit.Transfer.Data\MicroRabbit.Transfer.Data.csproj", "{5E70816A-36DE-42A8-BF38-E1146959050B}"
EndProject
Global
	GlobalSection(SolutionConfigurationPlatforms) = preSolution
		Debug|Any CPU = Debug|Any CPU
		Release|Any CPU = Release|Any CPU
	EndGlobalSection
	GlobalSection(ProjectConfigurationPlatforms) = postSolution
		{6D001C95-0E73-4E9B-B752-0ABA97F8B16D}.Debug|Any CPU.ActiveCfg = Debug|Any CPU
		{6D001C95-0E73-4E9B-B752-0ABA97F8B16D}.Debug|Any CPU.Build.0 = Debug|Any CPU
		{6D001C95-0E73-4E9B-B752-0ABA97F8B16D}.Release|Any CPU.ActiveCfg = Release|Any CPU
		{6D001C95-0E73-4E9B-B752-0ABA97F8B16D}.Release|Any CPU.Build.0 = Release|Any CPU
		{5AE663EC-8BFD-47C2-95FF-6A717EAB7776}.Debug|Any CPU.ActiveCfg = Debug|Any CPU
		{5AE663EC-8BFD-47C2-95FF-6A717EAB7776}.Debug|Any CPU.Build.0 = Debug|Any CPU
		{5AE663EC-8BFD-47C2-95FF-6A717EAB7776}.Release|Any CPU.ActiveCfg = Release|Any CPU
		{5AE663EC-8BFD-47C2-95FF-6A717EAB7776}.Release|Any CPU.Build.0 = Release|Any CPU
		{BA4020C2-721A-4AD5-A32D-6CE5371F24BA}.Debug|Any CPU.ActiveCfg = Debug|Any CPU
		{BA4020C2-721A-4AD5-A32D-6CE5371F24BA}.Debug|Any CPU.Build.0 = Debug|Any CPU
		{BA4020C2-721A-4AD5-A32D-6CE5371F24BA}.Release|Any CPU.ActiveCfg = Release|Any CPU
		{BA4020C2-721A-4AD5-A32D-6CE5371F24BA}.Release|Any CPU.Build.0 = Release|Any CPU
		{843DF20C-20A3-4871-855F-031FCB6A32BA}.Debug|Any CPU.ActiveCfg = Debug|Any CPU
		{843DF20C-20A3-4871-855F-031FCB6A32BA}.Debug|Any CPU.Build.0 = Debug|Any CPU
		{843DF20C-20A3-4871-855F-031FCB6A32BA}.Release|Any CPU.ActiveCfg = Release|Any CPU
		{843DF20C-20A3-4871-855F-031FCB6A32BA}.Release|Any CPU.Build.0 = Release|Any CPU
		{9C2575F7-886E-417A-969E-3B894C2607C9}.Debug|Any CPU.ActiveCfg = Debug|Any CPU
		{9C2575F7-886E-417A-969E-3B894C2607C9}.Debug|Any CPU.Build.0 = Debug|Any CPU
		{9C2575F7-886E-417A-969E-3B894C2607C9}.Release|Any CPU.ActiveCfg = Release|Any CPU
		{9C2575F7-886E-417A-969E-3B894C2607C9}.Release|Any CPU.Build.0 = Release|Any CPU
		{D2BB8787-DF99-42D4-894F-B0E8C3DD1BE0}.Debug|Any CPU.ActiveCfg = Debug|Any CPU
		{D2BB8787-DF99-42D4-894F-B0E8C3DD1BE0}.Debug|Any CPU.Build.0 = Debug|Any CPU
		{D2BB8787-DF99-42D4-894F-B0E8C3DD1BE0}.Release|Any CPU.ActiveCfg = Release|Any CPU
		{D2BB8787-DF99-42D4-894F-B0E8C3DD1BE0}.Release|Any CPU.Build.0 = Release|Any CPU
		{3B48FEE9-D99F-4FB4-A353-10DBCF987F1E}.Debug|Any CPU.ActiveCfg = Debug|Any CPU
		{3B48FEE9-D99F-4FB4-A353-10DBCF987F1E}.Debug|Any CPU.Build.0 = Debug|Any CPU
		{3B48FEE9-D99F-4FB4-A353-10DBCF987F1E}.Release|Any CPU.ActiveCfg = Release|Any CPU
		{3B48FEE9-D99F-4FB4-A353-10DBCF987F1E}.Release|Any CPU.Build.0 = Release|Any CPU
		{87DAD620-E5DF-471F-B5BB-A2A149699F70}.Debug|Any CPU.ActiveCfg = Debug|Any CPU
		{87DAD620-E5DF-471F-B5BB-A2A149699F70}.Debug|Any CPU.Build.0 = Debug|Any CPU
		{87DAD620-E5DF-471F-B5BB-A2A149699F70}.Release|Any CPU.ActiveCfg = Release|Any CPU
		{87DAD620-E5DF-471F-B5BB-A2A149699F70}.Release|Any CPU.Build.0 = Release|Any CPU
		{BF32AF53-027C-4B23-950D-C42A6920C67F}.Debug|Any CPU.ActiveCfg = Debug|Any CPU
		{BF32AF53-027C-4B23-950D-C42A6920C67F}.Debug|Any CPU.Build.0 = Debug|Any CPU
		{BF32AF53-027C-4B23-950D-C42A6920C67F}.Release|Any CPU.ActiveCfg = Release|Any CPU
		{BF32AF53-027C-4B23-950D-C42A6920C67F}.Release|Any CPU.Build.0 = Release|Any CPU
		{512B4178-B685-41D7-BB21-6CD08B69F36D}.Debug|Any CPU.ActiveCfg = Debug|Any CPU
		{512B4178-B685-41D7-BB21-6CD08B69F36D}.Debug|Any CPU.Build.0 = Debug|Any CPU
		{512B4178-B685-41D7-BB21-6CD08B69F36D}.Release|Any CPU.ActiveCfg = Release|Any CPU
		{512B4178-B685-41D7-BB21-6CD08B69F36D}.Release|Any CPU.Build.0 = Release|Any CPU
		{5E70816A-36DE-42A8-BF38-E1146959050B}.Debug|Any CPU.ActiveCfg = Debug|Any CPU
		{5E70816A-36DE-42A8-BF38-E1146959050B}.Debug|Any CPU.Build.0 = Debug|Any CPU
		{5E70816A-36DE-42A8-BF38-E1146959050B}.Release|Any CPU.ActiveCfg = Release|Any CPU
		{5E70816A-36DE-42A8-BF38-E1146959050B}.Release|Any CPU.Build.0 = Release|Any CPU
	EndGlobalSection
	GlobalSection(SolutionProperties) = preSolution
		HideSolutionNode = FALSE
	EndGlobalSection
	GlobalSection(NestedProjects) = preSolution
		{6D001C95-0E73-4E9B-B752-0ABA97F8B16D} = {B8A28D80-DAAA-4AA0-B3D5-DC61FAF506A1}
		{5AE663EC-8BFD-47C2-95FF-6A717EAB7776} = {08EC771D-182D-499A-B463-84FF98C1878D}
		{BA4020C2-721A-4AD5-A32D-6CE5371F24BA} = {04D0EE30-D70E-4C77-B59D-A591FAAEA8DC}
		{DA25A3DF-66FC-4027-9CAF-85E3BD7E293A} = {D2ACBCCC-42B8-438D-9D23-1CA8EE978816}
		{E5DD5A76-3ECA-4772-97E8-24BD8F7B1D8B} = {DA25A3DF-66FC-4027-9CAF-85E3BD7E293A}
		{31A9ED53-D503-4E31-B3A4-CC10B52B527D} = {DA25A3DF-66FC-4027-9CAF-85E3BD7E293A}
		{BCF7E555-FDC3-4AB6-A366-429BEEA90796} = {DA25A3DF-66FC-4027-9CAF-85E3BD7E293A}
		{2373AD40-504F-4FFE-9B97-59B2D390A285} = {DA25A3DF-66FC-4027-9CAF-85E3BD7E293A}
		{843DF20C-20A3-4871-855F-031FCB6A32BA} = {BCF7E555-FDC3-4AB6-A366-429BEEA90796}
		{9C2575F7-886E-417A-969E-3B894C2607C9} = {2373AD40-504F-4FFE-9B97-59B2D390A285}
		{D2BB8787-DF99-42D4-894F-B0E8C3DD1BE0} = {31A9ED53-D503-4E31-B3A4-CC10B52B527D}
		{3B48FEE9-D99F-4FB4-A353-10DBCF987F1E} = {E5DD5A76-3ECA-4772-97E8-24BD8F7B1D8B}
		{F10F6BC1-0F1E-4DDB-A35B-905A28EBA315} = {D2ACBCCC-42B8-438D-9D23-1CA8EE978816}
		{87DAD620-E5DF-471F-B5BB-A2A149699F70} = {F10F6BC1-0F1E-4DDB-A35B-905A28EBA315}
		{BF32AF53-027C-4B23-950D-C42A6920C67F} = {F10F6BC1-0F1E-4DDB-A35B-905A28EBA315}
		{512B4178-B685-41D7-BB21-6CD08B69F36D} = {F10F6BC1-0F1E-4DDB-A35B-905A28EBA315}
		{5E70816A-36DE-42A8-BF38-E1146959050B} = {F10F6BC1-0F1E-4DDB-A35B-905A28EBA315}
	EndGlobalSection
	GlobalSection(ExtensibilityGlobals) = postSolution
		SolutionGuid = {4C7CCED8-5195-49B0-9EB4-178D2F36CF98}
	EndGlobalSection
EndGlobal
